// !$*UTF8*$!
{
	archiveVersion = 1;
	classes = {
	};
	objectVersion = 56;
	objects = {

/* Begin PBXBuildFile section */
		6E2388302AD78A4B00284878 /* Settings.swift in Sources */ = {isa = PBXBuildFile; fileRef = 6E23882F2AD78A4B00284878 /* Settings.swift */; };
		6E3240AF2AA9E7CD003A4409 /* SwiftUIPokeMasterApp.swift in Sources */ = {isa = PBXBuildFile; fileRef = 6E3240AE2AA9E7CD003A4409 /* SwiftUIPokeMasterApp.swift */; };
		6E3240B12AA9E7CD003A4409 /* ContentView.swift in Sources */ = {isa = PBXBuildFile; fileRef = 6E3240B02AA9E7CD003A4409 /* ContentView.swift */; };
		6E3240B32AA9E7CF003A4409 /* Assets.xcassets in Resources */ = {isa = PBXBuildFile; fileRef = 6E3240B22AA9E7CF003A4409 /* Assets.xcassets */; };
		6E3240B62AA9E7CF003A4409 /* Preview Assets.xcassets in Resources */ = {isa = PBXBuildFile; fileRef = 6E3240B52AA9E7CF003A4409 /* Preview Assets.xcassets */; };
		6E3240C02AA9E7CF003A4409 /* SwiftUIPokeMasterTests.swift in Sources */ = {isa = PBXBuildFile; fileRef = 6E3240BF2AA9E7CF003A4409 /* SwiftUIPokeMasterTests.swift */; };
		6E3240CA2AA9E7CF003A4409 /* SwiftUIPokeMasterUITests.swift in Sources */ = {isa = PBXBuildFile; fileRef = 6E3240C92AA9E7CF003A4409 /* SwiftUIPokeMasterUITests.swift */; };
		6E3240CC2AA9E7CF003A4409 /* SwiftUIPokeMasterUITestsLaunchTests.swift in Sources */ = {isa = PBXBuildFile; fileRef = 6E3240CB2AA9E7CF003A4409 /* SwiftUIPokeMasterUITestsLaunchTests.swift */; };
		6E3240DB2AA9EAAB003A4409 /* PokemonInfoRow.swift in Sources */ = {isa = PBXBuildFile; fileRef = 6E3240DA2AA9EAAB003A4409 /* PokemonInfoRow.swift */; };
		6E32411E2AA9FC63003A4409 /* pokemon-7.json in Resources */ = {isa = PBXBuildFile; fileRef = 6E3240DE2AA9FC62003A4409 /* pokemon-7.json */; };
		6E32411F2AA9FC63003A4409 /* pokemon-14.json in Resources */ = {isa = PBXBuildFile; fileRef = 6E3240DF2AA9FC62003A4409 /* pokemon-14.json */; };
		6E3241202AA9FC63003A4409 /* pokemon-22.json in Resources */ = {isa = PBXBuildFile; fileRef = 6E3240E02AA9FC62003A4409 /* pokemon-22.json */; };
		6E3241212AA9FC63003A4409 /* pokemon-18.json in Resources */ = {isa = PBXBuildFile; fileRef = 6E3240E12AA9FC62003A4409 /* pokemon-18.json */; };
		6E3241222AA9FC63003A4409 /* pokemon-19.json in Resources */ = {isa = PBXBuildFile; fileRef = 6E3240E22AA9FC62003A4409 /* pokemon-19.json */; };
		6E3241232AA9FC63003A4409 /* pokemon-23.json in Resources */ = {isa = PBXBuildFile; fileRef = 6E3240E32AA9FC62003A4409 /* pokemon-23.json */; };
		6E3241242AA9FC63003A4409 /* pokemon-15.json in Resources */ = {isa = PBXBuildFile; fileRef = 6E3240E42AA9FC62003A4409 /* pokemon-15.json */; };
		6E3241252AA9FC63003A4409 /* pokemon-6.json in Resources */ = {isa = PBXBuildFile; fileRef = 6E3240E52AA9FC62003A4409 /* pokemon-6.json */; };
		6E3241262AA9FC63003A4409 /* pokemon-24.json in Resources */ = {isa = PBXBuildFile; fileRef = 6E3240E62AA9FC62003A4409 /* pokemon-24.json */; };
		6E3241272AA9FC63003A4409 /* pokemon-28.json in Resources */ = {isa = PBXBuildFile; fileRef = 6E3240E72AA9FC62003A4409 /* pokemon-28.json */; };
		6E3241282AA9FC63003A4409 /* pokemon-1.json in Resources */ = {isa = PBXBuildFile; fileRef = 6E3240E82AA9FC62003A4409 /* pokemon-1.json */; };
		6E3241292AA9FC63003A4409 /* pokemon-12.json in Resources */ = {isa = PBXBuildFile; fileRef = 6E3240E92AA9FC62003A4409 /* pokemon-12.json */; };
		6E32412A2AA9FC63003A4409 /* pokemon-13.json in Resources */ = {isa = PBXBuildFile; fileRef = 6E3240EA2AA9FC62003A4409 /* pokemon-13.json */; };
		6E32412B2AA9FC63003A4409 /* pokemon-29.json in Resources */ = {isa = PBXBuildFile; fileRef = 6E3240EB2AA9FC62003A4409 /* pokemon-29.json */; };
		6E32412C2AA9FC63003A4409 /* pokemon-25.json in Resources */ = {isa = PBXBuildFile; fileRef = 6E3240EC2AA9FC62003A4409 /* pokemon-25.json */; };
		6E32412D2AA9FC63003A4409 /* pokemon-26.json in Resources */ = {isa = PBXBuildFile; fileRef = 6E3240ED2AA9FC62003A4409 /* pokemon-26.json */; };
		6E32412E2AA9FC63003A4409 /* pokemon-30.json in Resources */ = {isa = PBXBuildFile; fileRef = 6E3240EE2AA9FC62003A4409 /* pokemon-30.json */; };
		6E32412F2AA9FC63003A4409 /* pokemon-10.json in Resources */ = {isa = PBXBuildFile; fileRef = 6E3240EF2AA9FC62003A4409 /* pokemon-10.json */; };
		6E3241302AA9FC63003A4409 /* pokemon-3.json in Resources */ = {isa = PBXBuildFile; fileRef = 6E3240F02AA9FC62003A4409 /* pokemon-3.json */; };
		6E3241312AA9FC63003A4409 /* pokemon-2.json in Resources */ = {isa = PBXBuildFile; fileRef = 6E3240F12AA9FC62003A4409 /* pokemon-2.json */; };
		6E3241322AA9FC63003A4409 /* pokemon-11.json in Resources */ = {isa = PBXBuildFile; fileRef = 6E3240F22AA9FC62003A4409 /* pokemon-11.json */; };
		6E3241332AA9FC63003A4409 /* pokemon-27.json in Resources */ = {isa = PBXBuildFile; fileRef = 6E3240F32AA9FC62003A4409 /* pokemon-27.json */; };
		6E3241342AA9FC63003A4409 /* pokemon-16.json in Resources */ = {isa = PBXBuildFile; fileRef = 6E3240F42AA9FC62003A4409 /* pokemon-16.json */; };
		6E3241352AA9FC63003A4409 /* pokemon-5.json in Resources */ = {isa = PBXBuildFile; fileRef = 6E3240F52AA9FC62003A4409 /* pokemon-5.json */; };
		6E3241362AA9FC63003A4409 /* pokemon-9.json in Resources */ = {isa = PBXBuildFile; fileRef = 6E3240F62AA9FC62003A4409 /* pokemon-9.json */; };
		6E3241372AA9FC63003A4409 /* pokemon-20.json in Resources */ = {isa = PBXBuildFile; fileRef = 6E3240F72AA9FC62003A4409 /* pokemon-20.json */; };
		6E3241382AA9FC63003A4409 /* pokemon-21.json in Resources */ = {isa = PBXBuildFile; fileRef = 6E3240F82AA9FC62003A4409 /* pokemon-21.json */; };
		6E3241392AA9FC63003A4409 /* pokemon-8.json in Resources */ = {isa = PBXBuildFile; fileRef = 6E3240F92AA9FC62003A4409 /* pokemon-8.json */; };
		6E32413A2AA9FC63003A4409 /* pokemon-4.json in Resources */ = {isa = PBXBuildFile; fileRef = 6E3240FA2AA9FC62003A4409 /* pokemon-4.json */; };
		6E32413B2AA9FC63003A4409 /* pokemon-17.json in Resources */ = {isa = PBXBuildFile; fileRef = 6E3240FB2AA9FC62003A4409 /* pokemon-17.json */; };
		6E32413C2AA9FC63003A4409 /* pokemon-species-11.json in Resources */ = {isa = PBXBuildFile; fileRef = 6E3240FD2AA9FC62003A4409 /* pokemon-species-11.json */; };
		6E32413D2AA9FC63003A4409 /* pokemon-species-7.json in Resources */ = {isa = PBXBuildFile; fileRef = 6E3240FE2AA9FC62003A4409 /* pokemon-species-7.json */; };
		6E32413E2AA9FC63003A4409 /* pokemon-species-27.json in Resources */ = {isa = PBXBuildFile; fileRef = 6E3240FF2AA9FC62003A4409 /* pokemon-species-27.json */; };
		6E32413F2AA9FC63003A4409 /* pokemon-species-30.json in Resources */ = {isa = PBXBuildFile; fileRef = 6E3241002AA9FC62003A4409 /* pokemon-species-30.json */; };
		6E3241402AA9FC63003A4409 /* pokemon-species-26.json in Resources */ = {isa = PBXBuildFile; fileRef = 6E3241012AA9FC62003A4409 /* pokemon-species-26.json */; };
		6E3241412AA9FC63003A4409 /* pokemon-species-6.json in Resources */ = {isa = PBXBuildFile; fileRef = 6E3241022AA9FC62003A4409 /* pokemon-species-6.json */; };
		6E3241422AA9FC63003A4409 /* pokemon-species-10.json in Resources */ = {isa = PBXBuildFile; fileRef = 6E3241032AA9FC62003A4409 /* pokemon-species-10.json */; };
		6E3241432AA9FC63003A4409 /* pokemon-species-21.json in Resources */ = {isa = PBXBuildFile; fileRef = 6E3241042AA9FC62003A4409 /* pokemon-species-21.json */; };
		6E3241442AA9FC63003A4409 /* pokemon-species-17.json in Resources */ = {isa = PBXBuildFile; fileRef = 6E3241052AA9FC62003A4409 /* pokemon-species-17.json */; };
		6E3241452AA9FC63003A4409 /* pokemon-species-1.json in Resources */ = {isa = PBXBuildFile; fileRef = 6E3241062AA9FC62003A4409 /* pokemon-species-1.json */; };
		6E3241462AA9FC63003A4409 /* pokemon-species-16.json in Resources */ = {isa = PBXBuildFile; fileRef = 6E3241072AA9FC62003A4409 /* pokemon-species-16.json */; };
		6E3241472AA9FC63003A4409 /* pokemon-species-20.json in Resources */ = {isa = PBXBuildFile; fileRef = 6E3241082AA9FC62003A4409 /* pokemon-species-20.json */; };
		6E3241482AA9FC63003A4409 /* pokemon-species-23.json in Resources */ = {isa = PBXBuildFile; fileRef = 6E3241092AA9FC62003A4409 /* pokemon-species-23.json */; };
		6E3241492AA9FC63003A4409 /* pokemon-species-19.json in Resources */ = {isa = PBXBuildFile; fileRef = 6E32410A2AA9FC62003A4409 /* pokemon-species-19.json */; };
		6E32414A2AA9FC63003A4409 /* pokemon-species-3.json in Resources */ = {isa = PBXBuildFile; fileRef = 6E32410B2AA9FC62003A4409 /* pokemon-species-3.json */; };
		6E32414B2AA9FC63003A4409 /* pokemon-species-15.json in Resources */ = {isa = PBXBuildFile; fileRef = 6E32410C2AA9FC62003A4409 /* pokemon-species-15.json */; };
		6E32414C2AA9FC63003A4409 /* pokemon-species-14.json in Resources */ = {isa = PBXBuildFile; fileRef = 6E32410D2AA9FC62003A4409 /* pokemon-species-14.json */; };
		6E32414D2AA9FC63003A4409 /* pokemon-species-2.json in Resources */ = {isa = PBXBuildFile; fileRef = 6E32410E2AA9FC62003A4409 /* pokemon-species-2.json */; };
		6E32414E2AA9FC63003A4409 /* pokemon-species-18.json in Resources */ = {isa = PBXBuildFile; fileRef = 6E32410F2AA9FC62003A4409 /* pokemon-species-18.json */; };
		6E32414F2AA9FC63003A4409 /* pokemon-species-22.json in Resources */ = {isa = PBXBuildFile; fileRef = 6E3241102AA9FC62003A4409 /* pokemon-species-22.json */; };
		6E3241502AA9FC63003A4409 /* pokemon-species-5.json in Resources */ = {isa = PBXBuildFile; fileRef = 6E3241112AA9FC62003A4409 /* pokemon-species-5.json */; };
		6E3241512AA9FC63003A4409 /* pokemon-species-29.json in Resources */ = {isa = PBXBuildFile; fileRef = 6E3241122AA9FC62003A4409 /* pokemon-species-29.json */; };
		6E3241522AA9FC63003A4409 /* pokemon-species-13.json in Resources */ = {isa = PBXBuildFile; fileRef = 6E3241132AA9FC62003A4409 /* pokemon-species-13.json */; };
		6E3241532AA9FC63003A4409 /* pokemon-species-9.json in Resources */ = {isa = PBXBuildFile; fileRef = 6E3241142AA9FC62003A4409 /* pokemon-species-9.json */; };
		6E3241542AA9FC63003A4409 /* pokemon-species-25.json in Resources */ = {isa = PBXBuildFile; fileRef = 6E3241152AA9FC62003A4409 /* pokemon-species-25.json */; };
		6E3241552AA9FC63003A4409 /* pokemon-species-24.json in Resources */ = {isa = PBXBuildFile; fileRef = 6E3241162AA9FC62003A4409 /* pokemon-species-24.json */; };
		6E3241562AA9FC63003A4409 /* pokemon-species-8.json in Resources */ = {isa = PBXBuildFile; fileRef = 6E3241172AA9FC62003A4409 /* pokemon-species-8.json */; };
		6E3241572AA9FC63003A4409 /* pokemon-species-12.json in Resources */ = {isa = PBXBuildFile; fileRef = 6E3241182AA9FC62003A4409 /* pokemon-species-12.json */; };
		6E3241582AA9FC63003A4409 /* pokemon-species-28.json in Resources */ = {isa = PBXBuildFile; fileRef = 6E3241192AA9FC62003A4409 /* pokemon-species-28.json */; };
		6E3241592AA9FC63003A4409 /* pokemon-species-4.json in Resources */ = {isa = PBXBuildFile; fileRef = 6E32411A2AA9FC62003A4409 /* pokemon-species-4.json */; };
		6E32415A2AA9FC63003A4409 /* ability-34.json in Resources */ = {isa = PBXBuildFile; fileRef = 6E32411C2AA9FC62003A4409 /* ability-34.json */; };
		6E32415B2AA9FC63003A4409 /* ability-65.json in Resources */ = {isa = PBXBuildFile; fileRef = 6E32411D2AA9FC62003A4409 /* ability-65.json */; };
		6E3241642AAAEF2C003A4409 /* Pokemon.swift in Sources */ = {isa = PBXBuildFile; fileRef = 6E3241632AAAEF2C003A4409 /* Pokemon.swift */; };
		6E3AEEEC2AAC17F9008762A8 /* PokemonSpecies.swift in Sources */ = {isa = PBXBuildFile; fileRef = 6E3AEEEB2AAC17F9008762A8 /* PokemonSpecies.swift */; };
		6E3AEEEE2AAC1F8E008762A8 /* Language.swift in Sources */ = {isa = PBXBuildFile; fileRef = 6E3AEEED2AAC1F8E008762A8 /* Language.swift */; };
		6E3AEEF02AAD5AFF008762A8 /* PokemonViewModel.swift in Sources */ = {isa = PBXBuildFile; fileRef = 6E3AEEEF2AAD5AFF008762A8 /* PokemonViewModel.swift */; };
		6ED68A852AB2E6E200709061 /* Helpers.swift in Sources */ = {isa = PBXBuildFile; fileRef = 6ED68A842AB2E6E200709061 /* Helpers.swift */; };
		6ED68A872AB2EFC800709061 /* Ability.swift in Sources */ = {isa = PBXBuildFile; fileRef = 6ED68A862AB2EFC800709061 /* Ability.swift */; };
		6ED68A892AB2EFE300709061 /* AbilityViewModel.swift in Sources */ = {isa = PBXBuildFile; fileRef = 6ED68A882AB2EFE300709061 /* AbilityViewModel.swift */; };
		6ED68A8B2AB2F18800709061 /* Sample.swift in Sources */ = {isa = PBXBuildFile; fileRef = 6ED68A8A2AB2F18800709061 /* Sample.swift */; };
		6ED68A8D2AB2F1AD00709061 /* FileHelper.swift in Sources */ = {isa = PBXBuildFile; fileRef = 6ED68A8C2AB2F1AD00709061 /* FileHelper.swift */; };
		6ED68A8F2AB7CECA00709061 /* PokemonList.swift in Sources */ = {isa = PBXBuildFile; fileRef = 6ED68A8E2AB7CECA00709061 /* PokemonList.swift */; };
		6ED68A912AB7DEBE00709061 /* PokemonInfoPanel.swift in Sources */ = {isa = PBXBuildFile; fileRef = 6ED68A902AB7DEBE00709061 /* PokemonInfoPanel.swift */; };
		6ED68A932AB82D6200709061 /* BlurView.swift in Sources */ = {isa = PBXBuildFile; fileRef = 6ED68A922AB82D6200709061 /* BlurView.swift */; };
/* End PBXBuildFile section */

/* Begin PBXContainerItemProxy section */
		6E3240BC2AA9E7CF003A4409 /* PBXContainerItemProxy */ = {
			isa = PBXContainerItemProxy;
			containerPortal = 6E3240A32AA9E7CD003A4409 /* Project object */;
			proxyType = 1;
			remoteGlobalIDString = 6E3240AA2AA9E7CD003A4409;
			remoteInfo = SwiftUIPokeMaster;
		};
		6E3240C62AA9E7CF003A4409 /* PBXContainerItemProxy */ = {
			isa = PBXContainerItemProxy;
			containerPortal = 6E3240A32AA9E7CD003A4409 /* Project object */;
			proxyType = 1;
			remoteGlobalIDString = 6E3240AA2AA9E7CD003A4409;
			remoteInfo = SwiftUIPokeMaster;
		};
/* End PBXContainerItemProxy section */

/* Begin PBXFileReference section */
		6E23882F2AD78A4B00284878 /* Settings.swift */ = {isa = PBXFileReference; lastKnownFileType = sourcecode.swift; path = Settings.swift; sourceTree = "<group>"; };
		6E3240AB2AA9E7CD003A4409 /* SwiftUIPokeMaster.app */ = {isa = PBXFileReference; explicitFileType = wrapper.application; includeInIndex = 0; path = SwiftUIPokeMaster.app; sourceTree = BUILT_PRODUCTS_DIR; };
		6E3240AE2AA9E7CD003A4409 /* SwiftUIPokeMasterApp.swift */ = {isa = PBXFileReference; lastKnownFileType = sourcecode.swift; path = SwiftUIPokeMasterApp.swift; sourceTree = "<group>"; };
		6E3240B02AA9E7CD003A4409 /* ContentView.swift */ = {isa = PBXFileReference; lastKnownFileType = sourcecode.swift; path = ContentView.swift; sourceTree = "<group>"; };
		6E3240B22AA9E7CF003A4409 /* Assets.xcassets */ = {isa = PBXFileReference; lastKnownFileType = folder.assetcatalog; path = Assets.xcassets; sourceTree = "<group>"; };
		6E3240B52AA9E7CF003A4409 /* Preview Assets.xcassets */ = {isa = PBXFileReference; lastKnownFileType = folder.assetcatalog; path = "Preview Assets.xcassets"; sourceTree = "<group>"; };
		6E3240BB2AA9E7CF003A4409 /* SwiftUIPokeMasterTests.xctest */ = {isa = PBXFileReference; explicitFileType = wrapper.cfbundle; includeInIndex = 0; path = SwiftUIPokeMasterTests.xctest; sourceTree = BUILT_PRODUCTS_DIR; };
		6E3240BF2AA9E7CF003A4409 /* SwiftUIPokeMasterTests.swift */ = {isa = PBXFileReference; lastKnownFileType = sourcecode.swift; path = SwiftUIPokeMasterTests.swift; sourceTree = "<group>"; };
		6E3240C52AA9E7CF003A4409 /* SwiftUIPokeMasterUITests.xctest */ = {isa = PBXFileReference; explicitFileType = wrapper.cfbundle; includeInIndex = 0; path = SwiftUIPokeMasterUITests.xctest; sourceTree = BUILT_PRODUCTS_DIR; };
		6E3240C92AA9E7CF003A4409 /* SwiftUIPokeMasterUITests.swift */ = {isa = PBXFileReference; lastKnownFileType = sourcecode.swift; path = SwiftUIPokeMasterUITests.swift; sourceTree = "<group>"; };
		6E3240CB2AA9E7CF003A4409 /* SwiftUIPokeMasterUITestsLaunchTests.swift */ = {isa = PBXFileReference; lastKnownFileType = sourcecode.swift; path = SwiftUIPokeMasterUITestsLaunchTests.swift; sourceTree = "<group>"; };
		6E3240DA2AA9EAAB003A4409 /* PokemonInfoRow.swift */ = {isa = PBXFileReference; lastKnownFileType = sourcecode.swift; path = PokemonInfoRow.swift; sourceTree = "<group>"; };
		6E3240DE2AA9FC62003A4409 /* pokemon-7.json */ = {isa = PBXFileReference; fileEncoding = 4; lastKnownFileType = text.json; path = "pokemon-7.json"; sourceTree = "<group>"; };
		6E3240DF2AA9FC62003A4409 /* pokemon-14.json */ = {isa = PBXFileReference; fileEncoding = 4; lastKnownFileType = text.json; path = "pokemon-14.json"; sourceTree = "<group>"; };
		6E3240E02AA9FC62003A4409 /* pokemon-22.json */ = {isa = PBXFileReference; fileEncoding = 4; lastKnownFileType = text.json; path = "pokemon-22.json"; sourceTree = "<group>"; };
		6E3240E12AA9FC62003A4409 /* pokemon-18.json */ = {isa = PBXFileReference; fileEncoding = 4; lastKnownFileType = text.json; path = "pokemon-18.json"; sourceTree = "<group>"; };
		6E3240E22AA9FC62003A4409 /* pokemon-19.json */ = {isa = PBXFileReference; fileEncoding = 4; lastKnownFileType = text.json; path = "pokemon-19.json"; sourceTree = "<group>"; };
		6E3240E32AA9FC62003A4409 /* pokemon-23.json */ = {isa = PBXFileReference; fileEncoding = 4; lastKnownFileType = text.json; path = "pokemon-23.json"; sourceTree = "<group>"; };
		6E3240E42AA9FC62003A4409 /* pokemon-15.json */ = {isa = PBXFileReference; fileEncoding = 4; lastKnownFileType = text.json; path = "pokemon-15.json"; sourceTree = "<group>"; };
		6E3240E52AA9FC62003A4409 /* pokemon-6.json */ = {isa = PBXFileReference; fileEncoding = 4; lastKnownFileType = text.json; path = "pokemon-6.json"; sourceTree = "<group>"; };
		6E3240E62AA9FC62003A4409 /* pokemon-24.json */ = {isa = PBXFileReference; fileEncoding = 4; lastKnownFileType = text.json; path = "pokemon-24.json"; sourceTree = "<group>"; };
		6E3240E72AA9FC62003A4409 /* pokemon-28.json */ = {isa = PBXFileReference; fileEncoding = 4; lastKnownFileType = text.json; path = "pokemon-28.json"; sourceTree = "<group>"; };
		6E3240E82AA9FC62003A4409 /* pokemon-1.json */ = {isa = PBXFileReference; fileEncoding = 4; lastKnownFileType = text.json; path = "pokemon-1.json"; sourceTree = "<group>"; };
		6E3240E92AA9FC62003A4409 /* pokemon-12.json */ = {isa = PBXFileReference; fileEncoding = 4; lastKnownFileType = text.json; path = "pokemon-12.json"; sourceTree = "<group>"; };
		6E3240EA2AA9FC62003A4409 /* pokemon-13.json */ = {isa = PBXFileReference; fileEncoding = 4; lastKnownFileType = text.json; path = "pokemon-13.json"; sourceTree = "<group>"; };
		6E3240EB2AA9FC62003A4409 /* pokemon-29.json */ = {isa = PBXFileReference; fileEncoding = 4; lastKnownFileType = text.json; path = "pokemon-29.json"; sourceTree = "<group>"; };
		6E3240EC2AA9FC62003A4409 /* pokemon-25.json */ = {isa = PBXFileReference; fileEncoding = 4; lastKnownFileType = text.json; path = "pokemon-25.json"; sourceTree = "<group>"; };
		6E3240ED2AA9FC62003A4409 /* pokemon-26.json */ = {isa = PBXFileReference; fileEncoding = 4; lastKnownFileType = text.json; path = "pokemon-26.json"; sourceTree = "<group>"; };
		6E3240EE2AA9FC62003A4409 /* pokemon-30.json */ = {isa = PBXFileReference; fileEncoding = 4; lastKnownFileType = text.json; path = "pokemon-30.json"; sourceTree = "<group>"; };
		6E3240EF2AA9FC62003A4409 /* pokemon-10.json */ = {isa = PBXFileReference; fileEncoding = 4; lastKnownFileType = text.json; path = "pokemon-10.json"; sourceTree = "<group>"; };
		6E3240F02AA9FC62003A4409 /* pokemon-3.json */ = {isa = PBXFileReference; fileEncoding = 4; lastKnownFileType = text.json; path = "pokemon-3.json"; sourceTree = "<group>"; };
		6E3240F12AA9FC62003A4409 /* pokemon-2.json */ = {isa = PBXFileReference; fileEncoding = 4; lastKnownFileType = text.json; path = "pokemon-2.json"; sourceTree = "<group>"; };
		6E3240F22AA9FC62003A4409 /* pokemon-11.json */ = {isa = PBXFileReference; fileEncoding = 4; lastKnownFileType = text.json; path = "pokemon-11.json"; sourceTree = "<group>"; };
		6E3240F32AA9FC62003A4409 /* pokemon-27.json */ = {isa = PBXFileReference; fileEncoding = 4; lastKnownFileType = text.json; path = "pokemon-27.json"; sourceTree = "<group>"; };
		6E3240F42AA9FC62003A4409 /* pokemon-16.json */ = {isa = PBXFileReference; fileEncoding = 4; lastKnownFileType = text.json; path = "pokemon-16.json"; sourceTree = "<group>"; };
		6E3240F52AA9FC62003A4409 /* pokemon-5.json */ = {isa = PBXFileReference; fileEncoding = 4; lastKnownFileType = text.json; path = "pokemon-5.json"; sourceTree = "<group>"; };
		6E3240F62AA9FC62003A4409 /* pokemon-9.json */ = {isa = PBXFileReference; fileEncoding = 4; lastKnownFileType = text.json; path = "pokemon-9.json"; sourceTree = "<group>"; };
		6E3240F72AA9FC62003A4409 /* pokemon-20.json */ = {isa = PBXFileReference; fileEncoding = 4; lastKnownFileType = text.json; path = "pokemon-20.json"; sourceTree = "<group>"; };
		6E3240F82AA9FC62003A4409 /* pokemon-21.json */ = {isa = PBXFileReference; fileEncoding = 4; lastKnownFileType = text.json; path = "pokemon-21.json"; sourceTree = "<group>"; };
		6E3240F92AA9FC62003A4409 /* pokemon-8.json */ = {isa = PBXFileReference; fileEncoding = 4; lastKnownFileType = text.json; path = "pokemon-8.json"; sourceTree = "<group>"; };
		6E3240FA2AA9FC62003A4409 /* pokemon-4.json */ = {isa = PBXFileReference; fileEncoding = 4; lastKnownFileType = text.json; path = "pokemon-4.json"; sourceTree = "<group>"; };
		6E3240FB2AA9FC62003A4409 /* pokemon-17.json */ = {isa = PBXFileReference; fileEncoding = 4; lastKnownFileType = text.json; path = "pokemon-17.json"; sourceTree = "<group>"; };
		6E3240FD2AA9FC62003A4409 /* pokemon-species-11.json */ = {isa = PBXFileReference; fileEncoding = 4; lastKnownFileType = text.json; path = "pokemon-species-11.json"; sourceTree = "<group>"; };
		6E3240FE2AA9FC62003A4409 /* pokemon-species-7.json */ = {isa = PBXFileReference; fileEncoding = 4; lastKnownFileType = text.json; path = "pokemon-species-7.json"; sourceTree = "<group>"; };
		6E3240FF2AA9FC62003A4409 /* pokemon-species-27.json */ = {isa = PBXFileReference; fileEncoding = 4; lastKnownFileType = text.json; path = "pokemon-species-27.json"; sourceTree = "<group>"; };
		6E3241002AA9FC62003A4409 /* pokemon-species-30.json */ = {isa = PBXFileReference; fileEncoding = 4; lastKnownFileType = text.json; path = "pokemon-species-30.json"; sourceTree = "<group>"; };
		6E3241012AA9FC62003A4409 /* pokemon-species-26.json */ = {isa = PBXFileReference; fileEncoding = 4; lastKnownFileType = text.json; path = "pokemon-species-26.json"; sourceTree = "<group>"; };
		6E3241022AA9FC62003A4409 /* pokemon-species-6.json */ = {isa = PBXFileReference; fileEncoding = 4; lastKnownFileType = text.json; path = "pokemon-species-6.json"; sourceTree = "<group>"; };
		6E3241032AA9FC62003A4409 /* pokemon-species-10.json */ = {isa = PBXFileReference; fileEncoding = 4; lastKnownFileType = text.json; path = "pokemon-species-10.json"; sourceTree = "<group>"; };
		6E3241042AA9FC62003A4409 /* pokemon-species-21.json */ = {isa = PBXFileReference; fileEncoding = 4; lastKnownFileType = text.json; path = "pokemon-species-21.json"; sourceTree = "<group>"; };
		6E3241052AA9FC62003A4409 /* pokemon-species-17.json */ = {isa = PBXFileReference; fileEncoding = 4; lastKnownFileType = text.json; path = "pokemon-species-17.json"; sourceTree = "<group>"; };
		6E3241062AA9FC62003A4409 /* pokemon-species-1.json */ = {isa = PBXFileReference; fileEncoding = 4; lastKnownFileType = text.json; path = "pokemon-species-1.json"; sourceTree = "<group>"; };
		6E3241072AA9FC62003A4409 /* pokemon-species-16.json */ = {isa = PBXFileReference; fileEncoding = 4; lastKnownFileType = text.json; path = "pokemon-species-16.json"; sourceTree = "<group>"; };
		6E3241082AA9FC62003A4409 /* pokemon-species-20.json */ = {isa = PBXFileReference; fileEncoding = 4; lastKnownFileType = text.json; path = "pokemon-species-20.json"; sourceTree = "<group>"; };
		6E3241092AA9FC62003A4409 /* pokemon-species-23.json */ = {isa = PBXFileReference; fileEncoding = 4; lastKnownFileType = text.json; path = "pokemon-species-23.json"; sourceTree = "<group>"; };
		6E32410A2AA9FC62003A4409 /* pokemon-species-19.json */ = {isa = PBXFileReference; fileEncoding = 4; lastKnownFileType = text.json; path = "pokemon-species-19.json"; sourceTree = "<group>"; };
		6E32410B2AA9FC62003A4409 /* pokemon-species-3.json */ = {isa = PBXFileReference; fileEncoding = 4; lastKnownFileType = text.json; path = "pokemon-species-3.json"; sourceTree = "<group>"; };
		6E32410C2AA9FC62003A4409 /* pokemon-species-15.json */ = {isa = PBXFileReference; fileEncoding = 4; lastKnownFileType = text.json; path = "pokemon-species-15.json"; sourceTree = "<group>"; };
		6E32410D2AA9FC62003A4409 /* pokemon-species-14.json */ = {isa = PBXFileReference; fileEncoding = 4; lastKnownFileType = text.json; path = "pokemon-species-14.json"; sourceTree = "<group>"; };
		6E32410E2AA9FC62003A4409 /* pokemon-species-2.json */ = {isa = PBXFileReference; fileEncoding = 4; lastKnownFileType = text.json; path = "pokemon-species-2.json"; sourceTree = "<group>"; };
		6E32410F2AA9FC62003A4409 /* pokemon-species-18.json */ = {isa = PBXFileReference; fileEncoding = 4; lastKnownFileType = text.json; path = "pokemon-species-18.json"; sourceTree = "<group>"; };
		6E3241102AA9FC62003A4409 /* pokemon-species-22.json */ = {isa = PBXFileReference; fileEncoding = 4; lastKnownFileType = text.json; path = "pokemon-species-22.json"; sourceTree = "<group>"; };
		6E3241112AA9FC62003A4409 /* pokemon-species-5.json */ = {isa = PBXFileReference; fileEncoding = 4; lastKnownFileType = text.json; path = "pokemon-species-5.json"; sourceTree = "<group>"; };
		6E3241122AA9FC62003A4409 /* pokemon-species-29.json */ = {isa = PBXFileReference; fileEncoding = 4; lastKnownFileType = text.json; path = "pokemon-species-29.json"; sourceTree = "<group>"; };
		6E3241132AA9FC62003A4409 /* pokemon-species-13.json */ = {isa = PBXFileReference; fileEncoding = 4; lastKnownFileType = text.json; path = "pokemon-species-13.json"; sourceTree = "<group>"; };
		6E3241142AA9FC62003A4409 /* pokemon-species-9.json */ = {isa = PBXFileReference; fileEncoding = 4; lastKnownFileType = text.json; path = "pokemon-species-9.json"; sourceTree = "<group>"; };
		6E3241152AA9FC62003A4409 /* pokemon-species-25.json */ = {isa = PBXFileReference; fileEncoding = 4; lastKnownFileType = text.json; path = "pokemon-species-25.json"; sourceTree = "<group>"; };
		6E3241162AA9FC62003A4409 /* pokemon-species-24.json */ = {isa = PBXFileReference; fileEncoding = 4; lastKnownFileType = text.json; path = "pokemon-species-24.json"; sourceTree = "<group>"; };
		6E3241172AA9FC62003A4409 /* pokemon-species-8.json */ = {isa = PBXFileReference; fileEncoding = 4; lastKnownFileType = text.json; path = "pokemon-species-8.json"; sourceTree = "<group>"; };
		6E3241182AA9FC62003A4409 /* pokemon-species-12.json */ = {isa = PBXFileReference; fileEncoding = 4; lastKnownFileType = text.json; path = "pokemon-species-12.json"; sourceTree = "<group>"; };
		6E3241192AA9FC62003A4409 /* pokemon-species-28.json */ = {isa = PBXFileReference; fileEncoding = 4; lastKnownFileType = text.json; path = "pokemon-species-28.json"; sourceTree = "<group>"; };
		6E32411A2AA9FC62003A4409 /* pokemon-species-4.json */ = {isa = PBXFileReference; fileEncoding = 4; lastKnownFileType = text.json; path = "pokemon-species-4.json"; sourceTree = "<group>"; };
		6E32411C2AA9FC62003A4409 /* ability-34.json */ = {isa = PBXFileReference; fileEncoding = 4; lastKnownFileType = text.json; path = "ability-34.json"; sourceTree = "<group>"; };
		6E32411D2AA9FC62003A4409 /* ability-65.json */ = {isa = PBXFileReference; fileEncoding = 4; lastKnownFileType = text.json; path = "ability-65.json"; sourceTree = "<group>"; };
		6E3241632AAAEF2C003A4409 /* Pokemon.swift */ = {isa = PBXFileReference; lastKnownFileType = sourcecode.swift; path = Pokemon.swift; sourceTree = "<group>"; };
		6E3AEEEB2AAC17F9008762A8 /* PokemonSpecies.swift */ = {isa = PBXFileReference; lastKnownFileType = sourcecode.swift; path = PokemonSpecies.swift; sourceTree = "<group>"; };
		6E3AEEED2AAC1F8E008762A8 /* Language.swift */ = {isa = PBXFileReference; lastKnownFileType = sourcecode.swift; path = Language.swift; sourceTree = "<group>"; };
		6E3AEEEF2AAD5AFF008762A8 /* PokemonViewModel.swift */ = {isa = PBXFileReference; lastKnownFileType = sourcecode.swift; path = PokemonViewModel.swift; sourceTree = "<group>"; };
		6ED68A842AB2E6E200709061 /* Helpers.swift */ = {isa = PBXFileReference; lastKnownFileType = sourcecode.swift; path = Helpers.swift; sourceTree = "<group>"; };
		6ED68A862AB2EFC800709061 /* Ability.swift */ = {isa = PBXFileReference; lastKnownFileType = sourcecode.swift; path = Ability.swift; sourceTree = "<group>"; };
		6ED68A882AB2EFE300709061 /* AbilityViewModel.swift */ = {isa = PBXFileReference; lastKnownFileType = sourcecode.swift; path = AbilityViewModel.swift; sourceTree = "<group>"; };
		6ED68A8A2AB2F18800709061 /* Sample.swift */ = {isa = PBXFileReference; lastKnownFileType = sourcecode.swift; path = Sample.swift; sourceTree = "<group>"; };
		6ED68A8C2AB2F1AD00709061 /* FileHelper.swift */ = {isa = PBXFileReference; lastKnownFileType = sourcecode.swift; path = FileHelper.swift; sourceTree = "<group>"; };
		6ED68A8E2AB7CECA00709061 /* PokemonList.swift */ = {isa = PBXFileReference; lastKnownFileType = sourcecode.swift; path = PokemonList.swift; sourceTree = "<group>"; };
		6ED68A902AB7DEBE00709061 /* PokemonInfoPanel.swift */ = {isa = PBXFileReference; lastKnownFileType = sourcecode.swift; path = PokemonInfoPanel.swift; sourceTree = "<group>"; };
		6ED68A922AB82D6200709061 /* BlurView.swift */ = {isa = PBXFileReference; lastKnownFileType = sourcecode.swift; path = BlurView.swift; sourceTree = "<group>"; };
/* End PBXFileReference section */

/* Begin PBXFrameworksBuildPhase section */
		6E3240A82AA9E7CD003A4409 /* Frameworks */ = {
			isa = PBXFrameworksBuildPhase;
			buildActionMask = 2147483647;
			files = (
			);
			runOnlyForDeploymentPostprocessing = 0;
		};
		6E3240B82AA9E7CF003A4409 /* Frameworks */ = {
			isa = PBXFrameworksBuildPhase;
			buildActionMask = 2147483647;
			files = (
			);
			runOnlyForDeploymentPostprocessing = 0;
		};
		6E3240C22AA9E7CF003A4409 /* Frameworks */ = {
			isa = PBXFrameworksBuildPhase;
			buildActionMask = 2147483647;
			files = (
			);
			runOnlyForDeploymentPostprocessing = 0;
		};
/* End PBXFrameworksBuildPhase section */

/* Begin PBXGroup section */
		6E3240A22AA9E7CD003A4409 = {
			isa = PBXGroup;
			children = (
				6E3240AD2AA9E7CD003A4409 /* SwiftUIPokeMaster */,
				6E3240BE2AA9E7CF003A4409 /* SwiftUIPokeMasterTests */,
				6E3240C82AA9E7CF003A4409 /* SwiftUIPokeMasterUITests */,
				6E3240AC2AA9E7CD003A4409 /* Products */,
			);
			sourceTree = "<group>";
		};
		6E3240AC2AA9E7CD003A4409 /* Products */ = {
			isa = PBXGroup;
			children = (
				6E3240AB2AA9E7CD003A4409 /* SwiftUIPokeMaster.app */,
				6E3240BB2AA9E7CF003A4409 /* SwiftUIPokeMasterTests.xctest */,
				6E3240C52AA9E7CF003A4409 /* SwiftUIPokeMasterUITests.xctest */,
			);
			name = Products;
			sourceTree = "<group>";
		};
		6E3240AD2AA9E7CD003A4409 /* SwiftUIPokeMaster */ = {
			isa = PBXGroup;
			children = (
				6ED68A832AB2E6C800709061 /* Utils */,
				6E32415C2AA9FCAB003A4409 /* Model */,
				6E3240DC2AA9FC62003A4409 /* JSON */,
				6E3240AE2AA9E7CD003A4409 /* SwiftUIPokeMasterApp.swift */,
				6E3240B02AA9E7CD003A4409 /* ContentView.swift */,
				6E3240DA2AA9EAAB003A4409 /* PokemonInfoRow.swift */,
				6ED68A8E2AB7CECA00709061 /* PokemonList.swift */,
				6ED68A902AB7DEBE00709061 /* PokemonInfoPanel.swift */,
				6E23882F2AD78A4B00284878 /* Settings.swift */,
				6E3240B22AA9E7CF003A4409 /* Assets.xcassets */,
				6E3240B42AA9E7CF003A4409 /* Preview Content */,
			);
			path = SwiftUIPokeMaster;
			sourceTree = "<group>";
		};
		6E3240B42AA9E7CF003A4409 /* Preview Content */ = {
			isa = PBXGroup;
			children = (
				6E3240B52AA9E7CF003A4409 /* Preview Assets.xcassets */,
			);
			path = "Preview Content";
			sourceTree = "<group>";
		};
		6E3240BE2AA9E7CF003A4409 /* SwiftUIPokeMasterTests */ = {
			isa = PBXGroup;
			children = (
				6E3240BF2AA9E7CF003A4409 /* SwiftUIPokeMasterTests.swift */,
			);
			path = SwiftUIPokeMasterTests;
			sourceTree = "<group>";
		};
		6E3240C82AA9E7CF003A4409 /* SwiftUIPokeMasterUITests */ = {
			isa = PBXGroup;
			children = (
				6E3240C92AA9E7CF003A4409 /* SwiftUIPokeMasterUITests.swift */,
				6E3240CB2AA9E7CF003A4409 /* SwiftUIPokeMasterUITestsLaunchTests.swift */,
			);
			path = SwiftUIPokeMasterUITests;
			sourceTree = "<group>";
		};
		6E3240DC2AA9FC62003A4409 /* JSON */ = {
			isa = PBXGroup;
			children = (
				6E3240DD2AA9FC62003A4409 /* pokemon */,
				6E3240FC2AA9FC62003A4409 /* species */,
				6E32411B2AA9FC62003A4409 /* abilities */,
			);
			path = JSON;
			sourceTree = "<group>";
		};
		6E3240DD2AA9FC62003A4409 /* pokemon */ = {
			isa = PBXGroup;
			children = (
				6E3240DE2AA9FC62003A4409 /* pokemon-7.json */,
				6E3240DF2AA9FC62003A4409 /* pokemon-14.json */,
				6E3240E02AA9FC62003A4409 /* pokemon-22.json */,
				6E3240E12AA9FC62003A4409 /* pokemon-18.json */,
				6E3240E22AA9FC62003A4409 /* pokemon-19.json */,
				6E3240E32AA9FC62003A4409 /* pokemon-23.json */,
				6E3240E42AA9FC62003A4409 /* pokemon-15.json */,
				6E3240E52AA9FC62003A4409 /* pokemon-6.json */,
				6E3240E62AA9FC62003A4409 /* pokemon-24.json */,
				6E3240E72AA9FC62003A4409 /* pokemon-28.json */,
				6E3240E82AA9FC62003A4409 /* pokemon-1.json */,
				6E3240E92AA9FC62003A4409 /* pokemon-12.json */,
				6E3240EA2AA9FC62003A4409 /* pokemon-13.json */,
				6E3240EB2AA9FC62003A4409 /* pokemon-29.json */,
				6E3240EC2AA9FC62003A4409 /* pokemon-25.json */,
				6E3240ED2AA9FC62003A4409 /* pokemon-26.json */,
				6E3240EE2AA9FC62003A4409 /* pokemon-30.json */,
				6E3240EF2AA9FC62003A4409 /* pokemon-10.json */,
				6E3240F02AA9FC62003A4409 /* pokemon-3.json */,
				6E3240F12AA9FC62003A4409 /* pokemon-2.json */,
				6E3240F22AA9FC62003A4409 /* pokemon-11.json */,
				6E3240F32AA9FC62003A4409 /* pokemon-27.json */,
				6E3240F42AA9FC62003A4409 /* pokemon-16.json */,
				6E3240F52AA9FC62003A4409 /* pokemon-5.json */,
				6E3240F62AA9FC62003A4409 /* pokemon-9.json */,
				6E3240F72AA9FC62003A4409 /* pokemon-20.json */,
				6E3240F82AA9FC62003A4409 /* pokemon-21.json */,
				6E3240F92AA9FC62003A4409 /* pokemon-8.json */,
				6E3240FA2AA9FC62003A4409 /* pokemon-4.json */,
				6E3240FB2AA9FC62003A4409 /* pokemon-17.json */,
			);
			path = pokemon;
			sourceTree = "<group>";
		};
		6E3240FC2AA9FC62003A4409 /* species */ = {
			isa = PBXGroup;
			children = (
				6E3240FD2AA9FC62003A4409 /* pokemon-species-11.json */,
				6E3240FE2AA9FC62003A4409 /* pokemon-species-7.json */,
				6E3240FF2AA9FC62003A4409 /* pokemon-species-27.json */,
				6E3241002AA9FC62003A4409 /* pokemon-species-30.json */,
				6E3241012AA9FC62003A4409 /* pokemon-species-26.json */,
				6E3241022AA9FC62003A4409 /* pokemon-species-6.json */,
				6E3241032AA9FC62003A4409 /* pokemon-species-10.json */,
				6E3241042AA9FC62003A4409 /* pokemon-species-21.json */,
				6E3241052AA9FC62003A4409 /* pokemon-species-17.json */,
				6E3241062AA9FC62003A4409 /* pokemon-species-1.json */,
				6E3241072AA9FC62003A4409 /* pokemon-species-16.json */,
				6E3241082AA9FC62003A4409 /* pokemon-species-20.json */,
				6E3241092AA9FC62003A4409 /* pokemon-species-23.json */,
				6E32410A2AA9FC62003A4409 /* pokemon-species-19.json */,
				6E32410B2AA9FC62003A4409 /* pokemon-species-3.json */,
				6E32410C2AA9FC62003A4409 /* pokemon-species-15.json */,
				6E32410D2AA9FC62003A4409 /* pokemon-species-14.json */,
				6E32410E2AA9FC62003A4409 /* pokemon-species-2.json */,
				6E32410F2AA9FC62003A4409 /* pokemon-species-18.json */,
				6E3241102AA9FC62003A4409 /* pokemon-species-22.json */,
				6E3241112AA9FC62003A4409 /* pokemon-species-5.json */,
				6E3241122AA9FC62003A4409 /* pokemon-species-29.json */,
				6E3241132AA9FC62003A4409 /* pokemon-species-13.json */,
				6E3241142AA9FC62003A4409 /* pokemon-species-9.json */,
				6E3241152AA9FC62003A4409 /* pokemon-species-25.json */,
				6E3241162AA9FC62003A4409 /* pokemon-species-24.json */,
				6E3241172AA9FC62003A4409 /* pokemon-species-8.json */,
				6E3241182AA9FC62003A4409 /* pokemon-species-12.json */,
				6E3241192AA9FC62003A4409 /* pokemon-species-28.json */,
				6E32411A2AA9FC62003A4409 /* pokemon-species-4.json */,
			);
			path = species;
			sourceTree = "<group>";
		};
		6E32411B2AA9FC62003A4409 /* abilities */ = {
			isa = PBXGroup;
			children = (
				6E32411C2AA9FC62003A4409 /* ability-34.json */,
				6E32411D2AA9FC62003A4409 /* ability-65.json */,
			);
			path = abilities;
			sourceTree = "<group>";
		};
		6E32415C2AA9FCAB003A4409 /* Model */ = {
			isa = PBXGroup;
			children = (
				6E32415D2AA9FCAB003A4409 /* ViewModel */,
				6E32415E2AA9FCAB003A4409 /* DataModel */,
			);
			path = Model;
			sourceTree = "<group>";
		};
		6E32415D2AA9FCAB003A4409 /* ViewModel */ = {
			isa = PBXGroup;
			children = (
				6E3AEEEF2AAD5AFF008762A8 /* PokemonViewModel.swift */,
				6ED68A882AB2EFE300709061 /* AbilityViewModel.swift */,
			);
			path = ViewModel;
			sourceTree = "<group>";
		};
		6E32415E2AA9FCAB003A4409 /* DataModel */ = {
			isa = PBXGroup;
			children = (
				6E3241632AAAEF2C003A4409 /* Pokemon.swift */,
				6E3AEEEB2AAC17F9008762A8 /* PokemonSpecies.swift */,
				6E3AEEED2AAC1F8E008762A8 /* Language.swift */,
				6ED68A862AB2EFC800709061 /* Ability.swift */,
			);
			path = DataModel;
			sourceTree = "<group>";
		};
		6ED68A832AB2E6C800709061 /* Utils */ = {
			isa = PBXGroup;
			children = (
				6ED68A842AB2E6E200709061 /* Helpers.swift */,
				6ED68A8A2AB2F18800709061 /* Sample.swift */,
				6ED68A8C2AB2F1AD00709061 /* FileHelper.swift */,
				6ED68A922AB82D6200709061 /* BlurView.swift */,
			);
			path = Utils;
			sourceTree = "<group>";
		};
/* End PBXGroup section */

/* Begin PBXNativeTarget section */
		6E3240AA2AA9E7CD003A4409 /* SwiftUIPokeMaster */ = {
			isa = PBXNativeTarget;
			buildConfigurationList = 6E3240CF2AA9E7CF003A4409 /* Build configuration list for PBXNativeTarget "SwiftUIPokeMaster" */;
			buildPhases = (
				6E3240A72AA9E7CD003A4409 /* Sources */,
				6E3240A82AA9E7CD003A4409 /* Frameworks */,
				6E3240A92AA9E7CD003A4409 /* Resources */,
			);
			buildRules = (
			);
			dependencies = (
			);
			name = SwiftUIPokeMaster;
			productName = SwiftUIPokeMaster;
			productReference = 6E3240AB2AA9E7CD003A4409 /* SwiftUIPokeMaster.app */;
			productType = "com.apple.product-type.application";
		};
		6E3240BA2AA9E7CF003A4409 /* SwiftUIPokeMasterTests */ = {
			isa = PBXNativeTarget;
			buildConfigurationList = 6E3240D22AA9E7CF003A4409 /* Build configuration list for PBXNativeTarget "SwiftUIPokeMasterTests" */;
			buildPhases = (
				6E3240B72AA9E7CF003A4409 /* Sources */,
				6E3240B82AA9E7CF003A4409 /* Frameworks */,
				6E3240B92AA9E7CF003A4409 /* Resources */,
			);
			buildRules = (
			);
			dependencies = (
				6E3240BD2AA9E7CF003A4409 /* PBXTargetDependency */,
			);
			name = SwiftUIPokeMasterTests;
			productName = SwiftUIPokeMasterTests;
			productReference = 6E3240BB2AA9E7CF003A4409 /* SwiftUIPokeMasterTests.xctest */;
			productType = "com.apple.product-type.bundle.unit-test";
		};
		6E3240C42AA9E7CF003A4409 /* SwiftUIPokeMasterUITests */ = {
			isa = PBXNativeTarget;
			buildConfigurationList = 6E3240D52AA9E7CF003A4409 /* Build configuration list for PBXNativeTarget "SwiftUIPokeMasterUITests" */;
			buildPhases = (
				6E3240C12AA9E7CF003A4409 /* Sources */,
				6E3240C22AA9E7CF003A4409 /* Frameworks */,
				6E3240C32AA9E7CF003A4409 /* Resources */,
			);
			buildRules = (
			);
			dependencies = (
				6E3240C72AA9E7CF003A4409 /* PBXTargetDependency */,
			);
			name = SwiftUIPokeMasterUITests;
			productName = SwiftUIPokeMasterUITests;
			productReference = 6E3240C52AA9E7CF003A4409 /* SwiftUIPokeMasterUITests.xctest */;
			productType = "com.apple.product-type.bundle.ui-testing";
		};
/* End PBXNativeTarget section */

/* Begin PBXProject section */
		6E3240A32AA9E7CD003A4409 /* Project object */ = {
			isa = PBXProject;
			attributes = {
				BuildIndependentTargetsInParallel = 1;
				LastSwiftUpdateCheck = 1430;
				LastUpgradeCheck = 1430;
				TargetAttributes = {
					6E3240AA2AA9E7CD003A4409 = {
						CreatedOnToolsVersion = 14.3.1;
					};
					6E3240BA2AA9E7CF003A4409 = {
						CreatedOnToolsVersion = 14.3.1;
						TestTargetID = 6E3240AA2AA9E7CD003A4409;
					};
					6E3240C42AA9E7CF003A4409 = {
						CreatedOnToolsVersion = 14.3.1;
						TestTargetID = 6E3240AA2AA9E7CD003A4409;
					};
				};
			};
			buildConfigurationList = 6E3240A62AA9E7CD003A4409 /* Build configuration list for PBXProject "SwiftUIPokeMaster" */;
			compatibilityVersion = "Xcode 14.0";
			developmentRegion = en;
			hasScannedForEncodings = 0;
			knownRegions = (
				en,
				Base,
			);
			mainGroup = 6E3240A22AA9E7CD003A4409;
			productRefGroup = 6E3240AC2AA9E7CD003A4409 /* Products */;
			projectDirPath = "";
			projectRoot = "";
			targets = (
				6E3240AA2AA9E7CD003A4409 /* SwiftUIPokeMaster */,
				6E3240BA2AA9E7CF003A4409 /* SwiftUIPokeMasterTests */,
				6E3240C42AA9E7CF003A4409 /* SwiftUIPokeMasterUITests */,
			);
		};
/* End PBXProject section */

/* Begin PBXResourcesBuildPhase section */
		6E3240A92AA9E7CD003A4409 /* Resources */ = {
			isa = PBXResourcesBuildPhase;
			buildActionMask = 2147483647;
			files = (
				6E3241482AA9FC63003A4409 /* pokemon-species-23.json in Resources */,
				6E3240B62AA9E7CF003A4409 /* Preview Assets.xcassets in Resources */,
				6E32414A2AA9FC63003A4409 /* pokemon-species-3.json in Resources */,
				6E3241492AA9FC63003A4409 /* pokemon-species-19.json in Resources */,
				6E3241502AA9FC63003A4409 /* pokemon-species-5.json in Resources */,
				6E32414B2AA9FC63003A4409 /* pokemon-species-15.json in Resources */,
				6E32413A2AA9FC63003A4409 /* pokemon-4.json in Resources */,
				6E3241562AA9FC63003A4409 /* pokemon-species-8.json in Resources */,
				6E3241282AA9FC63003A4409 /* pokemon-1.json in Resources */,
				6E3241392AA9FC63003A4409 /* pokemon-8.json in Resources */,
				6E3241322AA9FC63003A4409 /* pokemon-11.json in Resources */,
				6E3241522AA9FC63003A4409 /* pokemon-species-13.json in Resources */,
				6E32413F2AA9FC63003A4409 /* pokemon-species-30.json in Resources */,
				6E32413B2AA9FC63003A4409 /* pokemon-17.json in Resources */,
				6E3241442AA9FC63003A4409 /* pokemon-species-17.json in Resources */,
				6E3241462AA9FC63003A4409 /* pokemon-species-16.json in Resources */,
				6E3241352AA9FC63003A4409 /* pokemon-5.json in Resources */,
				6E3241572AA9FC63003A4409 /* pokemon-species-12.json in Resources */,
				6E32412F2AA9FC63003A4409 /* pokemon-10.json in Resources */,
				6E3241292AA9FC63003A4409 /* pokemon-12.json in Resources */,
				6E3241512AA9FC63003A4409 /* pokemon-species-29.json in Resources */,
				6E3241382AA9FC63003A4409 /* pokemon-21.json in Resources */,
				6E3241342AA9FC63003A4409 /* pokemon-16.json in Resources */,
				6E3241422AA9FC63003A4409 /* pokemon-species-10.json in Resources */,
				6E32412E2AA9FC63003A4409 /* pokemon-30.json in Resources */,
				6E32411E2AA9FC63003A4409 /* pokemon-7.json in Resources */,
				6E3241252AA9FC63003A4409 /* pokemon-6.json in Resources */,
				6E3241242AA9FC63003A4409 /* pokemon-15.json in Resources */,
				6E3241232AA9FC63003A4409 /* pokemon-23.json in Resources */,
				6E32413D2AA9FC63003A4409 /* pokemon-species-7.json in Resources */,
				6E3241302AA9FC63003A4409 /* pokemon-3.json in Resources */,
				6E3241582AA9FC63003A4409 /* pokemon-species-28.json in Resources */,
				6E32414F2AA9FC63003A4409 /* pokemon-species-22.json in Resources */,
				6E3241592AA9FC63003A4409 /* pokemon-species-4.json in Resources */,
				6E3241222AA9FC63003A4409 /* pokemon-19.json in Resources */,
				6E32413E2AA9FC63003A4409 /* pokemon-species-27.json in Resources */,
				6E32412C2AA9FC63003A4409 /* pokemon-25.json in Resources */,
				6E3241312AA9FC63003A4409 /* pokemon-2.json in Resources */,
				6E3241542AA9FC63003A4409 /* pokemon-species-25.json in Resources */,
				6E3241332AA9FC63003A4409 /* pokemon-27.json in Resources */,
				6E3241432AA9FC63003A4409 /* pokemon-species-21.json in Resources */,
				6E32414C2AA9FC63003A4409 /* pokemon-species-14.json in Resources */,
				6E32412B2AA9FC63003A4409 /* pokemon-29.json in Resources */,
				6E3241532AA9FC63003A4409 /* pokemon-species-9.json in Resources */,
				6E3241362AA9FC63003A4409 /* pokemon-9.json in Resources */,
				6E3241262AA9FC63003A4409 /* pokemon-24.json in Resources */,
				6E32412D2AA9FC63003A4409 /* pokemon-26.json in Resources */,
				6E3241212AA9FC63003A4409 /* pokemon-18.json in Resources */,
				6E32414E2AA9FC63003A4409 /* pokemon-species-18.json in Resources */,
				6E32411F2AA9FC63003A4409 /* pokemon-14.json in Resources */,
				6E32415A2AA9FC63003A4409 /* ability-34.json in Resources */,
				6E32412A2AA9FC63003A4409 /* pokemon-13.json in Resources */,
				6E3241412AA9FC63003A4409 /* pokemon-species-6.json in Resources */,
				6E3240B32AA9E7CF003A4409 /* Assets.xcassets in Resources */,
				6E3241202AA9FC63003A4409 /* pokemon-22.json in Resources */,
				6E3241552AA9FC63003A4409 /* pokemon-species-24.json in Resources */,
				6E3241402AA9FC63003A4409 /* pokemon-species-26.json in Resources */,
				6E32413C2AA9FC63003A4409 /* pokemon-species-11.json in Resources */,
				6E32414D2AA9FC63003A4409 /* pokemon-species-2.json in Resources */,
				6E3241472AA9FC63003A4409 /* pokemon-species-20.json in Resources */,
				6E3241272AA9FC63003A4409 /* pokemon-28.json in Resources */,
				6E32415B2AA9FC63003A4409 /* ability-65.json in Resources */,
				6E3241452AA9FC63003A4409 /* pokemon-species-1.json in Resources */,
				6E3241372AA9FC63003A4409 /* pokemon-20.json in Resources */,
			);
			runOnlyForDeploymentPostprocessing = 0;
		};
		6E3240B92AA9E7CF003A4409 /* Resources */ = {
			isa = PBXResourcesBuildPhase;
			buildActionMask = 2147483647;
			files = (
			);
			runOnlyForDeploymentPostprocessing = 0;
		};
		6E3240C32AA9E7CF003A4409 /* Resources */ = {
			isa = PBXResourcesBuildPhase;
			buildActionMask = 2147483647;
			files = (
			);
			runOnlyForDeploymentPostprocessing = 0;
		};
/* End PBXResourcesBuildPhase section */

/* Begin PBXSourcesBuildPhase section */
		6E3240A72AA9E7CD003A4409 /* Sources */ = {
			isa = PBXSourcesBuildPhase;
			buildActionMask = 2147483647;
			files = (
				6E3240B12AA9E7CD003A4409 /* ContentView.swift in Sources */,
				6ED68A872AB2EFC800709061 /* Ability.swift in Sources */,
				6ED68A932AB82D6200709061 /* BlurView.swift in Sources */,
				6E3241642AAAEF2C003A4409 /* Pokemon.swift in Sources */,
				6E3240AF2AA9E7CD003A4409 /* SwiftUIPokeMasterApp.swift in Sources */,
				6ED68A8F2AB7CECA00709061 /* PokemonList.swift in Sources */,
				6ED68A852AB2E6E200709061 /* Helpers.swift in Sources */,
				6ED68A912AB7DEBE00709061 /* PokemonInfoPanel.swift in Sources */,
				6E3AEEF02AAD5AFF008762A8 /* PokemonViewModel.swift in Sources */,
				6E3AEEEE2AAC1F8E008762A8 /* Language.swift in Sources */,
				6E2388302AD78A4B00284878 /* Settings.swift in Sources */,
				6ED68A892AB2EFE300709061 /* AbilityViewModel.swift in Sources */,
				6E3AEEEC2AAC17F9008762A8 /* PokemonSpecies.swift in Sources */,
				6ED68A8B2AB2F18800709061 /* Sample.swift in Sources */,
				6E3240DB2AA9EAAB003A4409 /* PokemonInfoRow.swift in Sources */,
				6ED68A8D2AB2F1AD00709061 /* FileHelper.swift in Sources */,
			);
			runOnlyForDeploymentPostprocessing = 0;
		};
		6E3240B72AA9E7CF003A4409 /* Sources */ = {
			isa = PBXSourcesBuildPhase;
			buildActionMask = 2147483647;
			files = (
				6E3240C02AA9E7CF003A4409 /* SwiftUIPokeMasterTests.swift in Sources */,
			);
			runOnlyForDeploymentPostprocessing = 0;
		};
		6E3240C12AA9E7CF003A4409 /* Sources */ = {
			isa = PBXSourcesBuildPhase;
			buildActionMask = 2147483647;
			files = (
				6E3240CA2AA9E7CF003A4409 /* SwiftUIPokeMasterUITests.swift in Sources */,
				6E3240CC2AA9E7CF003A4409 /* SwiftUIPokeMasterUITestsLaunchTests.swift in Sources */,
			);
			runOnlyForDeploymentPostprocessing = 0;
		};
/* End PBXSourcesBuildPhase section */

/* Begin PBXTargetDependency section */
		6E3240BD2AA9E7CF003A4409 /* PBXTargetDependency */ = {
			isa = PBXTargetDependency;
			target = 6E3240AA2AA9E7CD003A4409 /* SwiftUIPokeMaster */;
			targetProxy = 6E3240BC2AA9E7CF003A4409 /* PBXContainerItemProxy */;
		};
		6E3240C72AA9E7CF003A4409 /* PBXTargetDependency */ = {
			isa = PBXTargetDependency;
			target = 6E3240AA2AA9E7CD003A4409 /* SwiftUIPokeMaster */;
			targetProxy = 6E3240C62AA9E7CF003A4409 /* PBXContainerItemProxy */;
		};
/* End PBXTargetDependency section */

/* Begin XCBuildConfiguration section */
		6E3240CD2AA9E7CF003A4409 /* Debug */ = {
			isa = XCBuildConfiguration;
			buildSettings = {
				ALWAYS_SEARCH_USER_PATHS = NO;
				CLANG_ANALYZER_NONNULL = YES;
				CLANG_ANALYZER_NUMBER_OBJECT_CONVERSION = YES_AGGRESSIVE;
				CLANG_CXX_LANGUAGE_STANDARD = "gnu++20";
				CLANG_ENABLE_MODULES = YES;
				CLANG_ENABLE_OBJC_ARC = YES;
				CLANG_ENABLE_OBJC_WEAK = YES;
				CLANG_WARN_BLOCK_CAPTURE_AUTORELEASING = YES;
				CLANG_WARN_BOOL_CONVERSION = YES;
				CLANG_WARN_COMMA = YES;
				CLANG_WARN_CONSTANT_CONVERSION = YES;
				CLANG_WARN_DEPRECATED_OBJC_IMPLEMENTATIONS = YES;
				CLANG_WARN_DIRECT_OBJC_ISA_USAGE = YES_ERROR;
				CLANG_WARN_DOCUMENTATION_COMMENTS = YES;
				CLANG_WARN_EMPTY_BODY = YES;
				CLANG_WARN_ENUM_CONVERSION = YES;
				CLANG_WARN_INFINITE_RECURSION = YES;
				CLANG_WARN_INT_CONVERSION = YES;
				CLANG_WARN_NON_LITERAL_NULL_CONVERSION = YES;
				CLANG_WARN_OBJC_IMPLICIT_RETAIN_SELF = YES;
				CLANG_WARN_OBJC_LITERAL_CONVERSION = YES;
				CLANG_WARN_OBJC_ROOT_CLASS = YES_ERROR;
				CLANG_WARN_QUOTED_INCLUDE_IN_FRAMEWORK_HEADER = YES;
				CLANG_WARN_RANGE_LOOP_ANALYSIS = YES;
				CLANG_WARN_STRICT_PROTOTYPES = YES;
				CLANG_WARN_SUSPICIOUS_MOVE = YES;
				CLANG_WARN_UNGUARDED_AVAILABILITY = YES_AGGRESSIVE;
				CLANG_WARN_UNREACHABLE_CODE = YES;
				CLANG_WARN__DUPLICATE_METHOD_MATCH = YES;
				COPY_PHASE_STRIP = NO;
				DEBUG_INFORMATION_FORMAT = dwarf;
				ENABLE_STRICT_OBJC_MSGSEND = YES;
				ENABLE_TESTABILITY = YES;
				GCC_C_LANGUAGE_STANDARD = gnu11;
				GCC_DYNAMIC_NO_PIC = NO;
				GCC_NO_COMMON_BLOCKS = YES;
				GCC_OPTIMIZATION_LEVEL = 0;
				GCC_PREPROCESSOR_DEFINITIONS = (
					"DEBUG=1",
					"$(inherited)",
				);
				GCC_WARN_64_TO_32_BIT_CONVERSION = YES;
				GCC_WARN_ABOUT_RETURN_TYPE = YES_ERROR;
				GCC_WARN_UNDECLARED_SELECTOR = YES;
				GCC_WARN_UNINITIALIZED_AUTOS = YES_AGGRESSIVE;
				GCC_WARN_UNUSED_FUNCTION = YES;
				GCC_WARN_UNUSED_VARIABLE = YES;
				IPHONEOS_DEPLOYMENT_TARGET = 16.4;
				MTL_ENABLE_DEBUG_INFO = INCLUDE_SOURCE;
				MTL_FAST_MATH = YES;
				ONLY_ACTIVE_ARCH = YES;
				SDKROOT = iphoneos;
				SWIFT_ACTIVE_COMPILATION_CONDITIONS = DEBUG;
				SWIFT_OPTIMIZATION_LEVEL = "-Onone";
			};
			name = Debug;
		};
		6E3240CE2AA9E7CF003A4409 /* Release */ = {
			isa = XCBuildConfiguration;
			buildSettings = {
				ALWAYS_SEARCH_USER_PATHS = NO;
				CLANG_ANALYZER_NONNULL = YES;
				CLANG_ANALYZER_NUMBER_OBJECT_CONVERSION = YES_AGGRESSIVE;
				CLANG_CXX_LANGUAGE_STANDARD = "gnu++20";
				CLANG_ENABLE_MODULES = YES;
				CLANG_ENABLE_OBJC_ARC = YES;
				CLANG_ENABLE_OBJC_WEAK = YES;
				CLANG_WARN_BLOCK_CAPTURE_AUTORELEASING = YES;
				CLANG_WARN_BOOL_CONVERSION = YES;
				CLANG_WARN_COMMA = YES;
				CLANG_WARN_CONSTANT_CONVERSION = YES;
				CLANG_WARN_DEPRECATED_OBJC_IMPLEMENTATIONS = YES;
				CLANG_WARN_DIRECT_OBJC_ISA_USAGE = YES_ERROR;
				CLANG_WARN_DOCUMENTATION_COMMENTS = YES;
				CLANG_WARN_EMPTY_BODY = YES;
				CLANG_WARN_ENUM_CONVERSION = YES;
				CLANG_WARN_INFINITE_RECURSION = YES;
				CLANG_WARN_INT_CONVERSION = YES;
				CLANG_WARN_NON_LITERAL_NULL_CONVERSION = YES;
				CLANG_WARN_OBJC_IMPLICIT_RETAIN_SELF = YES;
				CLANG_WARN_OBJC_LITERAL_CONVERSION = YES;
				CLANG_WARN_OBJC_ROOT_CLASS = YES_ERROR;
				CLANG_WARN_QUOTED_INCLUDE_IN_FRAMEWORK_HEADER = YES;
				CLANG_WARN_RANGE_LOOP_ANALYSIS = YES;
				CLANG_WARN_STRICT_PROTOTYPES = YES;
				CLANG_WARN_SUSPICIOUS_MOVE = YES;
				CLANG_WARN_UNGUARDED_AVAILABILITY = YES_AGGRESSIVE;
				CLANG_WARN_UNREACHABLE_CODE = YES;
				CLANG_WARN__DUPLICATE_METHOD_MATCH = YES;
				COPY_PHASE_STRIP = NO;
				DEBUG_INFORMATION_FORMAT = "dwarf-with-dsym";
				ENABLE_NS_ASSERTIONS = NO;
				ENABLE_STRICT_OBJC_MSGSEND = YES;
				GCC_C_LANGUAGE_STANDARD = gnu11;
				GCC_NO_COMMON_BLOCKS = YES;
				GCC_WARN_64_TO_32_BIT_CONVERSION = YES;
				GCC_WARN_ABOUT_RETURN_TYPE = YES_ERROR;
				GCC_WARN_UNDECLARED_SELECTOR = YES;
				GCC_WARN_UNINITIALIZED_AUTOS = YES_AGGRESSIVE;
				GCC_WARN_UNUSED_FUNCTION = YES;
				GCC_WARN_UNUSED_VARIABLE = YES;
				IPHONEOS_DEPLOYMENT_TARGET = 16.4;
				MTL_ENABLE_DEBUG_INFO = NO;
				MTL_FAST_MATH = YES;
				SDKROOT = iphoneos;
				SWIFT_COMPILATION_MODE = wholemodule;
				SWIFT_OPTIMIZATION_LEVEL = "-O";
				VALIDATE_PRODUCT = YES;
			};
			name = Release;
		};
		6E3240D02AA9E7CF003A4409 /* Debug */ = {
			isa = XCBuildConfiguration;
			buildSettings = {
				ASSETCATALOG_COMPILER_APPICON_NAME = AppIcon;
				ASSETCATALOG_COMPILER_GLOBAL_ACCENT_COLOR_NAME = AccentColor;
				CODE_SIGN_STYLE = Automatic;
				CURRENT_PROJECT_VERSION = 1;
				DEVELOPMENT_ASSET_PATHS = "\"SwiftUIPokeMaster/Preview Content\"";
				DEVELOPMENT_TEAM = K2WT69M66J;
				ENABLE_PREVIEWS = YES;
				GENERATE_INFOPLIST_FILE = YES;
				INFOPLIST_KEY_UIApplicationSceneManifest_Generation = YES;
				INFOPLIST_KEY_UIApplicationSupportsIndirectInputEvents = YES;
				INFOPLIST_KEY_UILaunchScreen_Generation = YES;
				INFOPLIST_KEY_UISupportedInterfaceOrientations_iPad = "UIInterfaceOrientationPortrait UIInterfaceOrientationPortraitUpsideDown UIInterfaceOrientationLandscapeLeft UIInterfaceOrientationLandscapeRight";
				INFOPLIST_KEY_UISupportedInterfaceOrientations_iPhone = "UIInterfaceOrientationPortrait UIInterfaceOrientationLandscapeLeft UIInterfaceOrientationLandscapeRight";
				LD_RUNPATH_SEARCH_PATHS = (
					"$(inherited)",
					"@executable_path/Frameworks",
				);
				MARKETING_VERSION = 1.0;
				PRODUCT_BUNDLE_IDENTIFIER = com.zhangpeng.SwiftUIPokeMaster;
				PRODUCT_NAME = "$(TARGET_NAME)";
				SWIFT_EMIT_LOC_STRINGS = YES;
				SWIFT_VERSION = 5.0;
				TARGETED_DEVICE_FAMILY = "1,2";
			};
			name = Debug;
		};
		6E3240D12AA9E7CF003A4409 /* Release */ = {
			isa = XCBuildConfiguration;
			buildSettings = {
				ASSETCATALOG_COMPILER_APPICON_NAME = AppIcon;
				ASSETCATALOG_COMPILER_GLOBAL_ACCENT_COLOR_NAME = AccentColor;
				CODE_SIGN_STYLE = Automatic;
				CURRENT_PROJECT_VERSION = 1;
				DEVELOPMENT_ASSET_PATHS = "\"SwiftUIPokeMaster/Preview Content\"";
				DEVELOPMENT_TEAM = K2WT69M66J;
				ENABLE_PREVIEWS = YES;
				GENERATE_INFOPLIST_FILE = YES;
				INFOPLIST_KEY_UIApplicationSceneManifest_Generation = YES;
				INFOPLIST_KEY_UIApplicationSupportsIndirectInputEvents = YES;
				INFOPLIST_KEY_UILaunchScreen_Generation = YES;
				INFOPLIST_KEY_UISupportedInterfaceOrientations_iPad = "UIInterfaceOrientationPortrait UIInterfaceOrientationPortraitUpsideDown UIInterfaceOrientationLandscapeLeft UIInterfaceOrientationLandscapeRight";
				INFOPLIST_KEY_UISupportedInterfaceOrientations_iPhone = "UIInterfaceOrientationPortrait UIInterfaceOrientationLandscapeLeft UIInterfaceOrientationLandscapeRight";
				LD_RUNPATH_SEARCH_PATHS = (
					"$(inherited)",
					"@executable_path/Frameworks",
				);
				MARKETING_VERSION = 1.0;
				PRODUCT_BUNDLE_IDENTIFIER = com.zhangpeng.SwiftUIPokeMaster;
				PRODUCT_NAME = "$(TARGET_NAME)";
				SWIFT_EMIT_LOC_STRINGS = YES;
				SWIFT_VERSION = 5.0;
				TARGETED_DEVICE_FAMILY = "1,2";
			};
			name = Release;
		};
		6E3240D32AA9E7CF003A4409 /* Debug */ = {
			isa = XCBuildConfiguration;
			buildSettings = {
				ALWAYS_EMBED_SWIFT_STANDARD_LIBRARIES = YES;
				BUNDLE_LOADER = "$(TEST_HOST)";
				CODE_SIGN_STYLE = Automatic;
				CURRENT_PROJECT_VERSION = 1;
				DEVELOPMENT_TEAM = K2WT69M66J;
				GENERATE_INFOPLIST_FILE = YES;
				IPHONEOS_DEPLOYMENT_TARGET = 16.4;
				MARKETING_VERSION = 1.0;
				PRODUCT_BUNDLE_IDENTIFIER = com.zhangpeng.SwiftUIPokeMasterTests;
				PRODUCT_NAME = "$(TARGET_NAME)";
				SWIFT_EMIT_LOC_STRINGS = NO;
				SWIFT_VERSION = 5.0;
				TARGETED_DEVICE_FAMILY = "1,2";
				TEST_HOST = "$(BUILT_PRODUCTS_DIR)/SwiftUIPokeMaster.app/$(BUNDLE_EXECUTABLE_FOLDER_PATH)/SwiftUIPokeMaster";
			};
			name = Debug;
		};
		6E3240D42AA9E7CF003A4409 /* Release */ = {
			isa = XCBuildConfiguration;
			buildSettings = {
				ALWAYS_EMBED_SWIFT_STANDARD_LIBRARIES = YES;
				BUNDLE_LOADER = "$(TEST_HOST)";
				CODE_SIGN_STYLE = Automatic;
				CURRENT_PROJECT_VERSION = 1;
				DEVELOPMENT_TEAM = K2WT69M66J;
				GENERATE_INFOPLIST_FILE = YES;
				IPHONEOS_DEPLOYMENT_TARGET = 16.4;
				MARKETING_VERSION = 1.0;
				PRODUCT_BUNDLE_IDENTIFIER = com.zhangpeng.SwiftUIPokeMasterTests;
				PRODUCT_NAME = "$(TARGET_NAME)";
				SWIFT_EMIT_LOC_STRINGS = NO;
				SWIFT_VERSION = 5.0;
				TARGETED_DEVICE_FAMILY = "1,2";
				TEST_HOST = "$(BUILT_PRODUCTS_DIR)/SwiftUIPokeMaster.app/$(BUNDLE_EXECUTABLE_FOLDER_PATH)/SwiftUIPokeMaster";
			};
			name = Release;
		};
		6E3240D62AA9E7CF003A4409 /* Debug */ = {
			isa = XCBuildConfiguration;
			buildSettings = {
				ALWAYS_EMBED_SWIFT_STANDARD_LIBRARIES = YES;
				CODE_SIGN_STYLE = Automatic;
				CURRENT_PROJECT_VERSION = 1;
				DEVELOPMENT_TEAM = K2WT69M66J;
				GENERATE_INFOPLIST_FILE = YES;
				MARKETING_VERSION = 1.0;
				PRODUCT_BUNDLE_IDENTIFIER = com.zhangpeng.SwiftUIPokeMasterUITests;
				PRODUCT_NAME = "$(TARGET_NAME)";
				SWIFT_EMIT_LOC_STRINGS = NO;
				SWIFT_VERSION = 5.0;
				TARGETED_DEVICE_FAMILY = "1,2";
				TEST_TARGET_NAME = SwiftUIPokeMaster;
			};
			name = Debug;
		};
		6E3240D72AA9E7CF003A4409 /* Release */ = {
			isa = XCBuildConfiguration;
			buildSettings = {
				ALWAYS_EMBED_SWIFT_STANDARD_LIBRARIES = YES;
				CODE_SIGN_STYLE = Automatic;
				CURRENT_PROJECT_VERSION = 1;
				DEVELOPMENT_TEAM = K2WT69M66J;
				GENERATE_INFOPLIST_FILE = YES;
				MARKETING_VERSION = 1.0;
				PRODUCT_BUNDLE_IDENTIFIER = com.zhangpeng.SwiftUIPokeMasterUITests;
				PRODUCT_NAME = "$(TARGET_NAME)";
				SWIFT_EMIT_LOC_STRINGS = NO;
				SWIFT_VERSION = 5.0;
				TARGETED_DEVICE_FAMILY = "1,2";
				TEST_TARGET_NAME = SwiftUIPokeMaster;
			};
			name = Release;
		};
/* End XCBuildConfiguration section */

/* Begin XCConfigurationList section */
		6E3240A62AA9E7CD003A4409 /* Build configuration list for PBXProject "SwiftUIPokeMaster" */ = {
			isa = XCConfigurationList;
			buildConfigurations = (
				6E3240CD2AA9E7CF003A4409 /* Debug */,
				6E3240CE2AA9E7CF003A4409 /* Release */,
			);
			defaultConfigurationIsVisible = 0;
			defaultConfigurationName = Release;
		};
		6E3240CF2AA9E7CF003A4409 /* Build configuration list for PBXNativeTarget "SwiftUIPokeMaster" */ = {
			isa = XCConfigurationList;
			buildConfigurations = (
				6E3240D02AA9E7CF003A4409 /* Debug */,
				6E3240D12AA9E7CF003A4409 /* Release */,
			);
			defaultConfigurationIsVisible = 0;
			defaultConfigurationName = Release;
		};
		6E3240D22AA9E7CF003A4409 /* Build configuration list for PBXNativeTarget "SwiftUIPokeMasterTests" */ = {
			isa = XCConfigurationList;
			buildConfigurations = (
				6E3240D32AA9E7CF003A4409 /* Debug */,
				6E3240D42AA9E7CF003A4409 /* Release */,
			);
			defaultConfigurationIsVisible = 0;
			defaultConfigurationName = Release;
		};
		6E3240D52AA9E7CF003A4409 /* Build configuration list for PBXNativeTarget "SwiftUIPokeMasterUITests" */ = {
			isa = XCConfigurationList;
			buildConfigurations = (
				6E3240D62AA9E7CF003A4409 /* Debug */,
				6E3240D72AA9E7CF003A4409 /* Release */,
			);
			defaultConfigurationIsVisible = 0;
			defaultConfigurationName = Release;
		};
/* End XCConfigurationList section */
	};
	rootObject = 6E3240A32AA9E7CD003A4409 /* Project object */;
}
